
Microsoft Visual Studio Solution File, Format Version 12.00
# Visual Studio Version 17
VisualStudioVersion = 17.5.002.0
MinimumVisualStudioVersion = 10.0.40219.1
Project("{9A19103F-16F7-4668-BE54-9A1E7A4F7556}") = "Calculator", "Calculator.csproj", "{BCD76412-46DB-49A4-84F1-DD9B01125C58}"
EndProject
Global
	GlobalSection(SolutionConfigurationPlatforms) = preSolution
		Debug|Any CPU = Debug|Any CPU
		Release|Any CPU = Release|Any CPU
	EndGlobalSection
	GlobalSection(ProjectConfigurationPlatforms) = postSolution
		{BCD76412-46DB-49A4-84F1-DD9B01125C58}.Debug|Any CPU.ActiveCfg = Debug|Any CPU
		{BCD76412-46DB-49A4-84F1-DD9B01125C58}.Debug|Any CPU.Build.0 = Debug|Any CPU
		{BCD76412-46DB-49A4-84F1-DD9B01125C58}.Release|Any CPU.ActiveCfg = Release|Any CPU
		{BCD76412-46DB-49A4-84F1-DD9B01125C58}.Release|Any CPU.Build.0 = Release|Any CPU
	EndGlobalSection
	GlobalSection(SolutionProperties) = preSolution
		HideSolutionNode = FALSE
	EndGlobalSection
	GlobalSection(ExtensibilityGlobals) = postSolution
		SolutionGuid = {F7719E26-13DB-4EB7-901D-7C8D0AE4AD91}
	EndGlobalSection
EndGlobal
